
Microsoft Visual Studio Solution File, Format Version 12.00
# Visual Studio 15
VisualStudioVersion = 15.0.28307.168
MinimumVisualStudioVersion = 10.0.40219.1
Project("{FAE04EC0-301F-11D3-BF4B-00C04F79EFBC}") = "IIT_Simulator.Android", "IIT_Simulator\IIT_Simulator.Android\IIT_Simulator.Android.csproj", "{5477C819-A224-4C57-9C21-3CA297FE7142}"
EndProject
Project("{FAE04EC0-301F-11D3-BF4B-00C04F79EFBC}") = "IIT_Simulator.iOS", "IIT_Simulator\IIT_Simulator.iOS\IIT_Simulator.iOS.csproj", "{B8563C37-D4D4-4AAC-8CDE-A405491B8106}"
EndProject
Project("{FAE04EC0-301F-11D3-BF4B-00C04F79EFBC}") = "IIT_Simulator.UWP", "IIT_Simulator\IIT_Simulator.UWP\IIT_Simulator.UWP.csproj", "{B30E0362-5AEE-442F-B117-2750187E5817}"
EndProject
Project("{FAE04EC0-301F-11D3-BF4B-00C04F79EFBC}") = "IIT_Simulator", "IIT_Simulator\IIT_Simulator\IIT_Simulator.csproj", "{C4CBCDBC-2714-48A2-8FA7-F4A20EB802BC}"
EndProject
Global
	GlobalSection(SolutionConfigurationPlatforms) = preSolution
		Ad-Hoc|Any CPU = Ad-Hoc|Any CPU
		Ad-Hoc|ARM = Ad-Hoc|ARM
		Ad-Hoc|iPhone = Ad-Hoc|iPhone
		Ad-Hoc|iPhoneSimulator = Ad-Hoc|iPhoneSimulator
		Ad-Hoc|x64 = Ad-Hoc|x64
		Ad-Hoc|x86 = Ad-Hoc|x86
		AppStore|Any CPU = AppStore|Any CPU
		AppStore|ARM = AppStore|ARM
		AppStore|iPhone = AppStore|iPhone
		AppStore|iPhoneSimulator = AppStore|iPhoneSimulator
		AppStore|x64 = AppStore|x64
		AppStore|x86 = AppStore|x86
		Debug|Any CPU = Debug|Any CPU
		Debug|ARM = Debug|ARM
		Debug|iPhone = Debug|iPhone
		Debug|iPhoneSimulator = Debug|iPhoneSimulator
		Debug|x64 = Debug|x64
		Debug|x86 = Debug|x86
		Release|Any CPU = Release|Any CPU
		Release|ARM = Release|ARM
		Release|iPhone = Release|iPhone
		Release|iPhoneSimulator = Release|iPhoneSimulator
		Release|x64 = Release|x64
		Release|x86 = Release|x86
	EndGlobalSection
	GlobalSection(ProjectConfigurationPlatforms) = postSolution
		{5477C819-A224-4C57-9C21-3CA297FE7142}.Ad-Hoc|Any CPU.ActiveCfg = Release|Any CPU
		{5477C819-A224-4C57-9C21-3CA297FE7142}.Ad-Hoc|Any CPU.Build.0 = Release|Any CPU
		{5477C819-A224-4C57-9C21-3CA297FE7142}.Ad-Hoc|Any CPU.Deploy.0 = Release|Any CPU
		{5477C819-A224-4C57-9C21-3CA297FE7142}.Ad-Hoc|ARM.ActiveCfg = Release|Any CPU
		{5477C819-A224-4C57-9C21-3CA297FE7142}.Ad-Hoc|ARM.Build.0 = Release|Any CPU
		{5477C819-A224-4C57-9C21-3CA297FE7142}.Ad-Hoc|ARM.Deploy.0 = Release|Any CPU
		{5477C819-A224-4C57-9C21-3CA297FE7142}.Ad-Hoc|iPhone.ActiveCfg = Release|Any CPU
		{5477C819-A224-4C57-9C21-3CA297FE7142}.Ad-Hoc|iPhone.Build.0 = Release|Any CPU
		{5477C819-A224-4C57-9C21-3CA297FE7142}.Ad-Hoc|iPhone.Deploy.0 = Release|Any CPU
		{5477C819-A224-4C57-9C21-3CA297FE7142}.Ad-Hoc|iPhoneSimulator.ActiveCfg = Release|Any CPU
		{5477C819-A224-4C57-9C21-3CA297FE7142}.Ad-Hoc|iPhoneSimulator.Build.0 = Release|Any CPU
		{5477C819-A224-4C57-9C21-3CA297FE7142}.Ad-Hoc|iPhoneSimulator.Deploy.0 = Release|Any CPU
		{5477C819-A224-4C57-9C21-3CA297FE7142}.Ad-Hoc|x64.ActiveCfg = Release|Any CPU
		{5477C819-A224-4C57-9C21-3CA297FE7142}.Ad-Hoc|x64.Build.0 = Release|Any CPU
		{5477C819-A224-4C57-9C21-3CA297FE7142}.Ad-Hoc|x64.Deploy.0 = Release|Any CPU
		{5477C819-A224-4C57-9C21-3CA297FE7142}.Ad-Hoc|x86.ActiveCfg = Release|Any CPU
		{5477C819-A224-4C57-9C21-3CA297FE7142}.Ad-Hoc|x86.Build.0 = Release|Any CPU
		{5477C819-A224-4C57-9C21-3CA297FE7142}.Ad-Hoc|x86.Deploy.0 = Release|Any CPU
		{5477C819-A224-4C57-9C21-3CA297FE7142}.AppStore|Any CPU.ActiveCfg = Release|Any CPU
		{5477C819-A224-4C57-9C21-3CA297FE7142}.AppStore|Any CPU.Build.0 = Release|Any CPU
		{5477C819-A224-4C57-9C21-3CA297FE7142}.AppStore|Any CPU.Deploy.0 = Release|Any CPU
		{5477C819-A224-4C57-9C21-3CA297FE7142}.AppStore|ARM.ActiveCfg = Release|Any CPU
		{5477C819-A224-4C57-9C21-3CA297FE7142}.AppStore|ARM.Build.0 = Release|Any CPU
		{5477C819-A224-4C57-9C21-3CA297FE7142}.AppStore|ARM.Deploy.0 = Release|Any CPU
		{5477C819-A224-4C57-9C21-3CA297FE7142}.AppStore|iPhone.ActiveCfg = Release|Any CPU
		{5477C819-A224-4C57-9C21-3CA297FE7142}.AppStore|iPhone.Build.0 = Release|Any CPU
		{5477C819-A224-4C57-9C21-3CA297FE7142}.AppStore|iPhone.Deploy.0 = Release|Any CPU
		{5477C819-A224-4C57-9C21-3CA297FE7142}.AppStore|iPhoneSimulator.ActiveCfg = Release|Any CPU
		{5477C819-A224-4C57-9C21-3CA297FE7142}.AppStore|iPhoneSimulator.Build.0 = Release|Any CPU
		{5477C819-A224-4C57-9C21-3CA297FE7142}.AppStore|iPhoneSimulator.Deploy.0 = Release|Any CPU
		{5477C819-A224-4C57-9C21-3CA297FE7142}.AppStore|x64.ActiveCfg = Release|Any CPU
		{5477C819-A224-4C57-9C21-3CA297FE7142}.AppStore|x64.Build.0 = Release|Any CPU
		{5477C819-A224-4C57-9C21-3CA297FE7142}.AppStore|x64.Deploy.0 = Release|Any CPU
		{5477C819-A224-4C57-9C21-3CA297FE7142}.AppStore|x86.ActiveCfg = Release|Any CPU
		{5477C819-A224-4C57-9C21-3CA297FE7142}.AppStore|x86.Build.0 = Release|Any CPU
		{5477C819-A224-4C57-9C21-3CA297FE7142}.AppStore|x86.Deploy.0 = Release|Any CPU
		{5477C819-A224-4C57-9C21-3CA297FE7142}.Debug|Any CPU.ActiveCfg = Debug|Any CPU
		{5477C819-A224-4C57-9C21-3CA297FE7142}.Debug|Any CPU.Build.0 = Debug|Any CPU
		{5477C819-A224-4C57-9C21-3CA297FE7142}.Debug|Any CPU.Deploy.0 = Debug|Any CPU
		{5477C819-A224-4C57-9C21-3CA297FE7142}.Debug|ARM.ActiveCfg = Debug|Any CPU
		{5477C819-A224-4C57-9C21-3CA297FE7142}.Debug|ARM.Build.0 = Debug|Any CPU
		{5477C819-A224-4C57-9C21-3CA297FE7142}.Debug|ARM.Deploy.0 = Debug|Any CPU
		{5477C819-A224-4C57-9C21-3CA297FE7142}.Debug|iPhone.ActiveCfg = Debug|Any CPU
		{5477C819-A224-4C57-9C21-3CA297FE7142}.Debug|iPhone.Build.0 = Debug|Any CPU
		{5477C819-A224-4C57-9C21-3CA297FE7142}.Debug|iPhone.Deploy.0 = Debug|Any CPU
		{5477C819-A224-4C57-9C21-3CA297FE7142}.Debug|iPhoneSimulator.ActiveCfg = Debug|Any CPU
		{5477C819-A224-4C57-9C21-3CA297FE7142}.Debug|iPhoneSimulator.Build.0 = Debug|Any CPU
		{5477C819-A224-4C57-9C21-3CA297FE7142}.Debug|iPhoneSimulator.Deploy.0 = Debug|Any CPU
		{5477C819-A224-4C57-9C21-3CA297FE7142}.Debug|x64.ActiveCfg = Debug|Any CPU
		{5477C819-A224-4C57-9C21-3CA297FE7142}.Debug|x64.Build.0 = Debug|Any CPU
		{5477C819-A224-4C57-9C21-3CA297FE7142}.Debug|x64.Deploy.0 = Debug|Any CPU
		{5477C819-A224-4C57-9C21-3CA297FE7142}.Debug|x86.ActiveCfg = Debug|Any CPU
		{5477C819-A224-4C57-9C21-3CA297FE7142}.Debug|x86.Build.0 = Debug|Any CPU
		{5477C819-A224-4C57-9C21-3CA297FE7142}.Debug|x86.Deploy.0 = Debug|Any CPU
		{5477C819-A224-4C57-9C21-3CA297FE7142}.Release|Any CPU.ActiveCfg = Release|Any CPU
		{5477C819-A224-4C57-9C21-3CA297FE7142}.Release|Any CPU.Build.0 = Release|Any CPU
		{5477C819-A224-4C57-9C21-3CA297FE7142}.Release|Any CPU.Deploy.0 = Release|Any CPU
		{5477C819-A224-4C57-9C21-3CA297FE7142}.Release|ARM.ActiveCfg = Release|Any CPU
		{5477C819-A224-4C57-9C21-3CA297FE7142}.Release|ARM.Build.0 = Release|Any CPU
		{5477C819-A224-4C57-9C21-3CA297FE7142}.Release|ARM.Deploy.0 = Release|Any CPU
		{5477C819-A224-4C57-9C21-3CA297FE7142}.Release|iPhone.ActiveCfg = Release|Any CPU
		{5477C819-A224-4C57-9C21-3CA297FE7142}.Release|iPhone.Build.0 = Release|Any CPU
		{5477C819-A224-4C57-9C21-3CA297FE7142}.Release|iPhone.Deploy.0 = Release|Any CPU
		{5477C819-A224-4C57-9C21-3CA297FE7142}.Release|iPhoneSimulator.ActiveCfg = Release|Any CPU
		{5477C819-A224-4C57-9C21-3CA297FE7142}.Release|iPhoneSimulator.Build.0 = Release|Any CPU
		{5477C819-A224-4C57-9C21-3CA297FE7142}.Release|iPhoneSimulator.Deploy.0 = Release|Any CPU
		{5477C819-A224-4C57-9C21-3CA297FE7142}.Release|x64.ActiveCfg = Release|Any CPU
		{5477C819-A224-4C57-9C21-3CA297FE7142}.Release|x64.Build.0 = Release|Any CPU
		{5477C819-A224-4C57-9C21-3CA297FE7142}.Release|x64.Deploy.0 = Release|Any CPU
		{5477C819-A224-4C57-9C21-3CA297FE7142}.Release|x86.ActiveCfg = Release|Any CPU
		{5477C819-A224-4C57-9C21-3CA297FE7142}.Release|x86.Build.0 = Release|Any CPU
		{5477C819-A224-4C57-9C21-3CA297FE7142}.Release|x86.Deploy.0 = Release|Any CPU
		{B8563C37-D4D4-4AAC-8CDE-A405491B8106}.Ad-Hoc|Any CPU.ActiveCfg = Ad-Hoc|iPhone
		{B8563C37-D4D4-4AAC-8CDE-A405491B8106}.Ad-Hoc|Any CPU.Build.0 = Ad-Hoc|iPhone
		{B8563C37-D4D4-4AAC-8CDE-A405491B8106}.Ad-Hoc|Any CPU.Deploy.0 = Ad-Hoc|iPhone
		{B8563C37-D4D4-4AAC-8CDE-A405491B8106}.Ad-Hoc|ARM.ActiveCfg = Ad-Hoc|iPhone
		{B8563C37-D4D4-4AAC-8CDE-A405491B8106}.Ad-Hoc|ARM.Build.0 = Ad-Hoc|iPhone
		{B8563C37-D4D4-4AAC-8CDE-A405491B8106}.Ad-Hoc|ARM.Deploy.0 = Ad-Hoc|iPhone
		{B8563C37-D4D4-4AAC-8CDE-A405491B8106}.Ad-Hoc|iPhone.ActiveCfg = Ad-Hoc|iPhone
		{B8563C37-D4D4-4AAC-8CDE-A405491B8106}.Ad-Hoc|iPhone.Build.0 = Ad-Hoc|iPhone
		{B8563C37-D4D4-4AAC-8CDE-A405491B8106}.Ad-Hoc|iPhone.Deploy.0 = Ad-Hoc|iPhone
		{B8563C37-D4D4-4AAC-8CDE-A405491B8106}.Ad-Hoc|iPhoneSimulator.ActiveCfg = Ad-Hoc|iPhoneSimulator
		{B8563C37-D4D4-4AAC-8CDE-A405491B8106}.Ad-Hoc|iPhoneSimulator.Build.0 = Ad-Hoc|iPhoneSimulator
		{B8563C37-D4D4-4AAC-8CDE-A405491B8106}.Ad-Hoc|iPhoneSimulator.Deploy.0 = Ad-Hoc|iPhoneSimulator
		{B8563C37-D4D4-4AAC-8CDE-A405491B8106}.Ad-Hoc|x64.ActiveCfg = Ad-Hoc|iPhone
		{B8563C37-D4D4-4AAC-8CDE-A405491B8106}.Ad-Hoc|x64.Build.0 = Ad-Hoc|iPhone
		{B8563C37-D4D4-4AAC-8CDE-A405491B8106}.Ad-Hoc|x64.Deploy.0 = Ad-Hoc|iPhone
		{B8563C37-D4D4-4AAC-8CDE-A405491B8106}.Ad-Hoc|x86.ActiveCfg = Ad-Hoc|iPhone
		{B8563C37-D4D4-4AAC-8CDE-A405491B8106}.Ad-Hoc|x86.Build.0 = Ad-Hoc|iPhone
		{B8563C37-D4D4-4AAC-8CDE-A405491B8106}.Ad-Hoc|x86.Deploy.0 = Ad-Hoc|iPhone
		{B8563C37-D4D4-4AAC-8CDE-A405491B8106}.AppStore|Any CPU.ActiveCfg = AppStore|iPhone
		{B8563C37-D4D4-4AAC-8CDE-A405491B8106}.AppStore|Any CPU.Build.0 = AppStore|iPhone
		{B8563C37-D4D4-4AAC-8CDE-A405491B8106}.AppStore|Any CPU.Deploy.0 = AppStore|iPhone
		{B8563C37-D4D4-4AAC-8CDE-A405491B8106}.AppStore|ARM.ActiveCfg = AppStore|iPhone
		{B8563C37-D4D4-4AAC-8CDE-A405491B8106}.AppStore|ARM.Build.0 = AppStore|iPhone
		{B8563C37-D4D4-4AAC-8CDE-A405491B8106}.AppStore|ARM.Deploy.0 = AppStore|iPhone
		{B8563C37-D4D4-4AAC-8CDE-A405491B8106}.AppStore|iPhone.ActiveCfg = AppStore|iPhone
		{B8563C37-D4D4-4AAC-8CDE-A405491B8106}.AppStore|iPhone.Build.0 = AppStore|iPhone
		{B8563C37-D4D4-4AAC-8CDE-A405491B8106}.AppStore|iPhone.Deploy.0 = AppStore|iPhone
		{B8563C37-D4D4-4AAC-8CDE-A405491B8106}.AppStore|iPhoneSimulator.ActiveCfg = AppStore|iPhoneSimulator
		{B8563C37-D4D4-4AAC-8CDE-A405491B8106}.AppStore|iPhoneSimulator.Build.0 = AppStore|iPhoneSimulator
		{B8563C37-D4D4-4AAC-8CDE-A405491B8106}.AppStore|iPhoneSimulator.Deploy.0 = AppStore|iPhoneSimulator
		{B8563C37-D4D4-4AAC-8CDE-A405491B8106}.AppStore|x64.ActiveCfg = AppStore|iPhone
		{B8563C37-D4D4-4AAC-8CDE-A405491B8106}.AppStore|x64.Build.0 = AppStore|iPhone
		{B8563C37-D4D4-4AAC-8CDE-A405491B8106}.AppStore|x64.Deploy.0 = AppStore|iPhone
		{B8563C37-D4D4-4AAC-8CDE-A405491B8106}.AppStore|x86.ActiveCfg = AppStore|iPhone
		{B8563C37-D4D4-4AAC-8CDE-A405491B8106}.AppStore|x86.Build.0 = AppStore|iPhone
		{B8563C37-D4D4-4AAC-8CDE-A405491B8106}.AppStore|x86.Deploy.0 = AppStore|iPhone
		{B8563C37-D4D4-4AAC-8CDE-A405491B8106}.Debug|Any CPU.ActiveCfg = Debug|iPhoneSimulator
		{B8563C37-D4D4-4AAC-8CDE-A405491B8106}.Debug|Any CPU.Build.0 = Debug|iPhoneSimulator
		{B8563C37-D4D4-4AAC-8CDE-A405491B8106}.Debug|Any CPU.Deploy.0 = Debug|iPhoneSimulator
		{B8563C37-D4D4-4AAC-8CDE-A405491B8106}.Debug|ARM.ActiveCfg = Debug|iPhone
		{B8563C37-D4D4-4AAC-8CDE-A405491B8106}.Debug|ARM.Build.0 = Debug|iPhone
		{B8563C37-D4D4-4AAC-8CDE-A405491B8106}.Debug|ARM.Deploy.0 = Debug|iPhone
		{B8563C37-D4D4-4AAC-8CDE-A405491B8106}.Debug|iPhone.ActiveCfg = Debug|iPhone
		{B8563C37-D4D4-4AAC-8CDE-A405491B8106}.Debug|iPhone.Build.0 = Debug|iPhone
		{B8563C37-D4D4-4AAC-8CDE-A405491B8106}.Debug|iPhone.Deploy.0 = Debug|iPhone
		{B8563C37-D4D4-4AAC-8CDE-A405491B8106}.Debug|iPhoneSimulator.ActiveCfg = Debug|iPhoneSimulator
		{B8563C37-D4D4-4AAC-8CDE-A405491B8106}.Debug|iPhoneSimulator.Build.0 = Debug|iPhoneSimulator
		{B8563C37-D4D4-4AAC-8CDE-A405491B8106}.Debug|iPhoneSimulator.Deploy.0 = Debug|iPhoneSimulator
		{B8563C37-D4D4-4AAC-8CDE-A405491B8106}.Debug|x64.ActiveCfg = Debug|iPhone
		{B8563C37-D4D4-4AAC-8CDE-A405491B8106}.Debug|x64.Build.0 = Debug|iPhone
		{B8563C37-D4D4-4AAC-8CDE-A405491B8106}.Debug|x64.Deploy.0 = Debug|iPhone
		{B8563C37-D4D4-4AAC-8CDE-A405491B8106}.Debug|x86.ActiveCfg = Debug|iPhone
		{B8563C37-D4D4-4AAC-8CDE-A405491B8106}.Debug|x86.Build.0 = Debug|iPhone
		{B8563C37-D4D4-4AAC-8CDE-A405491B8106}.Debug|x86.Deploy.0 = Debug|iPhone
		{B8563C37-D4D4-4AAC-8CDE-A405491B8106}.Release|Any CPU.ActiveCfg = Release|iPhone
		{B8563C37-D4D4-4AAC-8CDE-A405491B8106}.Release|Any CPU.Build.0 = Release|iPhone
		{B8563C37-D4D4-4AAC-8CDE-A405491B8106}.Release|Any CPU.Deploy.0 = Release|iPhone
		{B8563C37-D4D4-4AAC-8CDE-A405491B8106}.Release|ARM.ActiveCfg = Release|iPhone
		{B8563C37-D4D4-4AAC-8CDE-A405491B8106}.Release|ARM.Build.0 = Release|iPhone
		{B8563C37-D4D4-4AAC-8CDE-A405491B8106}.Release|ARM.Deploy.0 = Release|iPhone
		{B8563C37-D4D4-4AAC-8CDE-A405491B8106}.Release|iPhone.ActiveCfg = Release|iPhone
		{B8563C37-D4D4-4AAC-8CDE-A405491B8106}.Release|iPhone.Build.0 = Release|iPhone
		{B8563C37-D4D4-4AAC-8CDE-A405491B8106}.Release|iPhone.Deploy.0 = Release|iPhone
		{B8563C37-D4D4-4AAC-8CDE-A405491B8106}.Release|iPhoneSimulator.ActiveCfg = Release|iPhoneSimulator
		{B8563C37-D4D4-4AAC-8CDE-A405491B8106}.Release|iPhoneSimulator.Build.0 = Release|iPhoneSimulator
		{B8563C37-D4D4-4AAC-8CDE-A405491B8106}.Release|iPhoneSimulator.Deploy.0 = Release|iPhoneSimulator
		{B8563C37-D4D4-4AAC-8CDE-A405491B8106}.Release|x64.ActiveCfg = Release|iPhone
		{B8563C37-D4D4-4AAC-8CDE-A405491B8106}.Release|x64.Build.0 = Release|iPhone
		{B8563C37-D4D4-4AAC-8CDE-A405491B8106}.Release|x64.Deploy.0 = Release|iPhone
		{B8563C37-D4D4-4AAC-8CDE-A405491B8106}.Release|x86.ActiveCfg = Release|iPhone
		{B8563C37-D4D4-4AAC-8CDE-A405491B8106}.Release|x86.Build.0 = Release|iPhone
		{B8563C37-D4D4-4AAC-8CDE-A405491B8106}.Release|x86.Deploy.0 = Release|iPhone
		{B30E0362-5AEE-442F-B117-2750187E5817}.Ad-Hoc|Any CPU.ActiveCfg = Release|x86
		{B30E0362-5AEE-442F-B117-2750187E5817}.Ad-Hoc|Any CPU.Build.0 = Release|x86
		{B30E0362-5AEE-442F-B117-2750187E5817}.Ad-Hoc|Any CPU.Deploy.0 = Release|x86
		{B30E0362-5AEE-442F-B117-2750187E5817}.Ad-Hoc|ARM.ActiveCfg = Release|ARM
		{B30E0362-5AEE-442F-B117-2750187E5817}.Ad-Hoc|ARM.Build.0 = Release|ARM
		{B30E0362-5AEE-442F-B117-2750187E5817}.Ad-Hoc|ARM.Deploy.0 = Release|ARM
		{B30E0362-5AEE-442F-B117-2750187E5817}.Ad-Hoc|iPhone.ActiveCfg = Release|x86
		{B30E0362-5AEE-442F-B117-2750187E5817}.Ad-Hoc|iPhone.Build.0 = Release|x86
		{B30E0362-5AEE-442F-B117-2750187E5817}.Ad-Hoc|iPhone.Deploy.0 = Release|x86
		{B30E0362-5AEE-442F-B117-2750187E5817}.Ad-Hoc|iPhoneSimulator.ActiveCfg = Release|x86
		{B30E0362-5AEE-442F-B117-2750187E5817}.Ad-Hoc|iPhoneSimulator.Build.0 = Release|x86
		{B30E0362-5AEE-442F-B117-2750187E5817}.Ad-Hoc|iPhoneSimulator.Deploy.0 = Release|x86
		{B30E0362-5AEE-442F-B117-2750187E5817}.Ad-Hoc|x64.ActiveCfg = Release|x64
		{B30E0362-5AEE-442F-B117-2750187E5817}.Ad-Hoc|x64.Build.0 = Release|x64
		{B30E0362-5AEE-442F-B117-2750187E5817}.Ad-Hoc|x64.Deploy.0 = Release|x64
		{B30E0362-5AEE-442F-B117-2750187E5817}.Ad-Hoc|x86.ActiveCfg = Release|x86
		{B30E0362-5AEE-442F-B117-2750187E5817}.Ad-Hoc|x86.Build.0 = Release|x86
		{B30E0362-5AEE-442F-B117-2750187E5817}.Ad-Hoc|x86.Deploy.0 = Release|x86
		{B30E0362-5AEE-442F-B117-2750187E5817}.AppStore|Any CPU.ActiveCfg = Release|x86
		{B30E0362-5AEE-442F-B117-2750187E5817}.AppStore|Any CPU.Build.0 = Release|x86
		{B30E0362-5AEE-442F-B117-2750187E5817}.AppStore|Any CPU.Deploy.0 = Release|x86
		{B30E0362-5AEE-442F-B117-2750187E5817}.AppStore|ARM.ActiveCfg = Release|ARM
		{B30E0362-5AEE-442F-B117-2750187E5817}.AppStore|ARM.Build.0 = Release|ARM
		{B30E0362-5AEE-442F-B117-2750187E5817}.AppStore|ARM.Deploy.0 = Release|ARM
		{B30E0362-5AEE-442F-B117-2750187E5817}.AppStore|iPhone.ActiveCfg = Release|x86
		{B30E0362-5AEE-442F-B117-2750187E5817}.AppStore|iPhone.Build.0 = Release|x86
		{B30E0362-5AEE-442F-B117-2750187E5817}.AppStore|iPhone.Deploy.0 = Release|x86
		{B30E0362-5AEE-442F-B117-2750187E5817}.AppStore|iPhoneSimulator.ActiveCfg = Release|x86
		{B30E0362-5AEE-442F-B117-2750187E5817}.AppStore|iPhoneSimulator.Build.0 = Release|x86
		{B30E0362-5AEE-442F-B117-2750187E5817}.AppStore|iPhoneSimulator.Deploy.0 = Release|x86
		{B30E0362-5AEE-442F-B117-2750187E5817}.AppStore|x64.ActiveCfg = Release|x64
		{B30E0362-5AEE-442F-B117-2750187E5817}.AppStore|x64.Build.0 = Release|x64
		{B30E0362-5AEE-442F-B117-2750187E5817}.AppStore|x64.Deploy.0 = Release|x64
		{B30E0362-5AEE-442F-B117-2750187E5817}.AppStore|x86.ActiveCfg = Release|x86
		{B30E0362-5AEE-442F-B117-2750187E5817}.AppStore|x86.Build.0 = Release|x86
		{B30E0362-5AEE-442F-B117-2750187E5817}.AppStore|x86.Deploy.0 = Release|x86
		{B30E0362-5AEE-442F-B117-2750187E5817}.Debug|Any CPU.ActiveCfg = Debug|x86
		{B30E0362-5AEE-442F-B117-2750187E5817}.Debug|Any CPU.Build.0 = Debug|x86
		{B30E0362-5AEE-442F-B117-2750187E5817}.Debug|Any CPU.Deploy.0 = Debug|x86
		{B30E0362-5AEE-442F-B117-2750187E5817}.Debug|ARM.ActiveCfg = Debug|ARM
		{B30E0362-5AEE-442F-B117-2750187E5817}.Debug|ARM.Build.0 = Debug|ARM
		{B30E0362-5AEE-442F-B117-2750187E5817}.Debug|ARM.Deploy.0 = Debug|ARM
		{B30E0362-5AEE-442F-B117-2750187E5817}.Debug|iPhone.ActiveCfg = Debug|x86
		{B30E0362-5AEE-442F-B117-2750187E5817}.Debug|iPhone.Build.0 = Debug|x86
		{B30E0362-5AEE-442F-B117-2750187E5817}.Debug|iPhone.Deploy.0 = Debug|x86
		{B30E0362-5AEE-442F-B117-2750187E5817}.Debug|iPhoneSimulator.ActiveCfg = Debug|x86
		{B30E0362-5AEE-442F-B117-2750187E5817}.Debug|iPhoneSimulator.Build.0 = Debug|x86
		{B30E0362-5AEE-442F-B117-2750187E5817}.Debug|iPhoneSimulator.Deploy.0 = Debug|x86
		{B30E0362-5AEE-442F-B117-2750187E5817}.Debug|x64.ActiveCfg = Debug|x64
		{B30E0362-5AEE-442F-B117-2750187E5817}.Debug|x64.Build.0 = Debug|x64
		{B30E0362-5AEE-442F-B117-2750187E5817}.Debug|x64.Deploy.0 = Debug|x64
		{B30E0362-5AEE-442F-B117-2750187E5817}.Debug|x86.ActiveCfg = Debug|x86
		{B30E0362-5AEE-442F-B117-2750187E5817}.Debug|x86.Build.0 = Debug|x86
		{B30E0362-5AEE-442F-B117-2750187E5817}.Debug|x86.Deploy.0 = Debug|x86
		{B30E0362-5AEE-442F-B117-2750187E5817}.Release|Any CPU.ActiveCfg = Release|x86
		{B30E0362-5AEE-442F-B117-2750187E5817}.Release|Any CPU.Build.0 = Release|x86
		{B30E0362-5AEE-442F-B117-2750187E5817}.Release|Any CPU.Deploy.0 = Release|x86
		{B30E0362-5AEE-442F-B117-2750187E5817}.Release|ARM.ActiveCfg = Release|ARM
		{B30E0362-5AEE-442F-B117-2750187E5817}.Release|ARM.Build.0 = Release|ARM
		{B30E0362-5AEE-442F-B117-2750187E5817}.Release|ARM.Deploy.0 = Release|ARM
		{B30E0362-5AEE-442F-B117-2750187E5817}.Release|iPhone.ActiveCfg = Release|x86
		{B30E0362-5AEE-442F-B117-2750187E5817}.Release|iPhone.Build.0 = Release|x86
		{B30E0362-5AEE-442F-B117-2750187E5817}.Release|iPhone.Deploy.0 = Release|x86
		{B30E0362-5AEE-442F-B117-2750187E5817}.Release|iPhoneSimulator.ActiveCfg = Release|x86
		{B30E0362-5AEE-442F-B117-2750187E5817}.Release|iPhoneSimulator.Build.0 = Release|x86
		{B30E0362-5AEE-442F-B117-2750187E5817}.Release|iPhoneSimulator.Deploy.0 = Release|x86
		{B30E0362-5AEE-442F-B117-2750187E5817}.Release|x64.ActiveCfg = Release|x64
		{B30E0362-5AEE-442F-B117-2750187E5817}.Release|x64.Build.0 = Release|x64
		{B30E0362-5AEE-442F-B117-2750187E5817}.Release|x64.Deploy.0 = Release|x64
		{B30E0362-5AEE-442F-B117-2750187E5817}.Release|x86.ActiveCfg = Release|x86
		{B30E0362-5AEE-442F-B117-2750187E5817}.Release|x86.Build.0 = Release|x86
		{B30E0362-5AEE-442F-B117-2750187E5817}.Release|x86.Deploy.0 = Release|x86
		{C4CBCDBC-2714-48A2-8FA7-F4A20EB802BC}.Ad-Hoc|Any CPU.ActiveCfg = Debug|Any CPU
		{C4CBCDBC-2714-48A2-8FA7-F4A20EB802BC}.Ad-Hoc|Any CPU.Build.0 = Debug|Any CPU
		{C4CBCDBC-2714-48A2-8FA7-F4A20EB802BC}.Ad-Hoc|Any CPU.Deploy.0 = Debug|Any CPU
		{C4CBCDBC-2714-48A2-8FA7-F4A20EB802BC}.Ad-Hoc|ARM.ActiveCfg = Debug|Any CPU
		{C4CBCDBC-2714-48A2-8FA7-F4A20EB802BC}.Ad-Hoc|ARM.Build.0 = Debug|Any CPU
		{C4CBCDBC-2714-48A2-8FA7-F4A20EB802BC}.Ad-Hoc|ARM.Deploy.0 = Debug|Any CPU
		{C4CBCDBC-2714-48A2-8FA7-F4A20EB802BC}.Ad-Hoc|iPhone.ActiveCfg = Debug|Any CPU
		{C4CBCDBC-2714-48A2-8FA7-F4A20EB802BC}.Ad-Hoc|iPhone.Build.0 = Debug|Any CPU
		{C4CBCDBC-2714-48A2-8FA7-F4A20EB802BC}.Ad-Hoc|iPhone.Deploy.0 = Debug|Any CPU
		{C4CBCDBC-2714-48A2-8FA7-F4A20EB802BC}.Ad-Hoc|iPhoneSimulator.ActiveCfg = Debug|Any CPU
		{C4CBCDBC-2714-48A2-8FA7-F4A20EB802BC}.Ad-Hoc|iPhoneSimulator.Build.0 = Debug|Any CPU
		{C4CBCDBC-2714-48A2-8FA7-F4A20EB802BC}.Ad-Hoc|iPhoneSimulator.Deploy.0 = Debug|Any CPU
		{C4CBCDBC-2714-48A2-8FA7-F4A20EB802BC}.Ad-Hoc|x64.ActiveCfg = Debug|Any CPU
		{C4CBCDBC-2714-48A2-8FA7-F4A20EB802BC}.Ad-Hoc|x64.Build.0 = Debug|Any CPU
		{C4CBCDBC-2714-48A2-8FA7-F4A20EB802BC}.Ad-Hoc|x64.Deploy.0 = Debug|Any CPU
		{C4CBCDBC-2714-48A2-8FA7-F4A20EB802BC}.Ad-Hoc|x86.ActiveCfg = Debug|Any CPU
		{C4CBCDBC-2714-48A2-8FA7-F4A20EB802BC}.Ad-Hoc|x86.Build.0 = Debug|Any CPU
		{C4CBCDBC-2714-48A2-8FA7-F4A20EB802BC}.Ad-Hoc|x86.Deploy.0 = Debug|Any CPU
		{C4CBCDBC-2714-48A2-8FA7-F4A20EB802BC}.AppStore|Any CPU.ActiveCfg = Debug|Any CPU
		{C4CBCDBC-2714-48A2-8FA7-F4A20EB802BC}.AppStore|Any CPU.Build.0 = Debug|Any CPU
		{C4CBCDBC-2714-48A2-8FA7-F4A20EB802BC}.AppStore|Any CPU.Deploy.0 = Debug|Any CPU
		{C4CBCDBC-2714-48A2-8FA7-F4A20EB802BC}.AppStore|ARM.ActiveCfg = Debug|Any CPU
		{C4CBCDBC-2714-48A2-8FA7-F4A20EB802BC}.AppStore|ARM.Build.0 = Debug|Any CPU
		{C4CBCDBC-2714-48A2-8FA7-F4A20EB802BC}.AppStore|ARM.Deploy.0 = Debug|Any CPU
		{C4CBCDBC-2714-48A2-8FA7-F4A20EB802BC}.AppStore|iPhone.ActiveCfg = Debug|Any CPU
		{C4CBCDBC-2714-48A2-8FA7-F4A20EB802BC}.AppStore|iPhone.Build.0 = Debug|Any CPU
		{C4CBCDBC-2714-48A2-8FA7-F4A20EB802BC}.AppStore|iPhone.Deploy.0 = Debug|Any CPU
		{C4CBCDBC-2714-48A2-8FA7-F4A20EB802BC}.AppStore|iPhoneSimulator.ActiveCfg = Debug|Any CPU
		{C4CBCDBC-2714-48A2-8FA7-F4A20EB802BC}.AppStore|iPhoneSimulator.Build.0 = Debug|Any CPU
		{C4CBCDBC-2714-48A2-8FA7-F4A20EB802BC}.AppStore|iPhoneSimulator.Deploy.0 = Debug|Any CPU
		{C4CBCDBC-2714-48A2-8FA7-F4A20EB802BC}.AppStore|x64.ActiveCfg = Debug|Any CPU
		{C4CBCDBC-2714-48A2-8FA7-F4A20EB802BC}.AppStore|x64.Build.0 = Debug|Any CPU
		{C4CBCDBC-2714-48A2-8FA7-F4A20EB802BC}.AppStore|x64.Deploy.0 = Debug|Any CPU
		{C4CBCDBC-2714-48A2-8FA7-F4A20EB802BC}.AppStore|x86.ActiveCfg = Debug|Any CPU
		{C4CBCDBC-2714-48A2-8FA7-F4A20EB802BC}.AppStore|x86.Build.0 = Debug|Any CPU
		{C4CBCDBC-2714-48A2-8FA7-F4A20EB802BC}.AppStore|x86.Deploy.0 = Debug|Any CPU
		{C4CBCDBC-2714-48A2-8FA7-F4A20EB802BC}.Debug|Any CPU.ActiveCfg = Debug|Any CPU
		{C4CBCDBC-2714-48A2-8FA7-F4A20EB802BC}.Debug|Any CPU.Build.0 = Debug|Any CPU
		{C4CBCDBC-2714-48A2-8FA7-F4A20EB802BC}.Debug|Any CPU.Deploy.0 = Debug|Any CPU
		{C4CBCDBC-2714-48A2-8FA7-F4A20EB802BC}.Debug|ARM.ActiveCfg = Debug|Any CPU
		{C4CBCDBC-2714-48A2-8FA7-F4A20EB802BC}.Debug|ARM.Build.0 = Debug|Any CPU
		{C4CBCDBC-2714-48A2-8FA7-F4A20EB802BC}.Debug|ARM.Deploy.0 = Debug|Any CPU
		{C4CBCDBC-2714-48A2-8FA7-F4A20EB802BC}.Debug|iPhone.ActiveCfg = Debug|Any CPU
		{C4CBCDBC-2714-48A2-8FA7-F4A20EB802BC}.Debug|iPhone.Build.0 = Debug|Any CPU
		{C4CBCDBC-2714-48A2-8FA7-F4A20EB802BC}.Debug|iPhone.Deploy.0 = Debug|Any CPU
		{C4CBCDBC-2714-48A2-8FA7-F4A20EB802BC}.Debug|iPhoneSimulator.ActiveCfg = Debug|Any CPU
		{C4CBCDBC-2714-48A2-8FA7-F4A20EB802BC}.Debug|iPhoneSimulator.Build.0 = Debug|Any CPU
		{C4CBCDBC-2714-48A2-8FA7-F4A20EB802BC}.Debug|iPhoneSimulator.Deploy.0 = Debug|Any CPU
		{C4CBCDBC-2714-48A2-8FA7-F4A20EB802BC}.Debug|x64.ActiveCfg = Debug|Any CPU
		{C4CBCDBC-2714-48A2-8FA7-F4A20EB802BC}.Debug|x64.Build.0 = Debug|Any CPU
		{C4CBCDBC-2714-48A2-8FA7-F4A20EB802BC}.Debug|x64.Deploy.0 = Debug|Any CPU
		{C4CBCDBC-2714-48A2-8FA7-F4A20EB802BC}.Debug|x86.ActiveCfg = Debug|Any CPU
		{C4CBCDBC-2714-48A2-8FA7-F4A20EB802BC}.Debug|x86.Build.0 = Debug|Any CPU
		{C4CBCDBC-2714-48A2-8FA7-F4A20EB802BC}.Debug|x86.Deploy.0 = Debug|Any CPU
		{C4CBCDBC-2714-48A2-8FA7-F4A20EB802BC}.Release|Any CPU.ActiveCfg = Release|Any CPU
		{C4CBCDBC-2714-48A2-8FA7-F4A20EB802BC}.Release|Any CPU.Build.0 = Release|Any CPU
		{C4CBCDBC-2714-48A2-8FA7-F4A20EB802BC}.Release|Any CPU.Deploy.0 = Release|Any CPU
		{C4CBCDBC-2714-48A2-8FA7-F4A20EB802BC}.Release|ARM.ActiveCfg = Release|Any CPU
		{C4CBCDBC-2714-48A2-8FA7-F4A20EB802BC}.Release|ARM.Build.0 = Release|Any CPU
		{C4CBCDBC-2714-48A2-8FA7-F4A20EB802BC}.Release|ARM.Deploy.0 = Release|Any CPU
		{C4CBCDBC-2714-48A2-8FA7-F4A20EB802BC}.Release|iPhone.ActiveCfg = Release|Any CPU
		{C4CBCDBC-2714-48A2-8FA7-F4A20EB802BC}.Release|iPhone.Build.0 = Release|Any CPU
		{C4CBCDBC-2714-48A2-8FA7-F4A20EB802BC}.Release|iPhone.Deploy.0 = Release|Any CPU
		{C4CBCDBC-2714-48A2-8FA7-F4A20EB802BC}.Release|iPhoneSimulator.ActiveCfg = Release|Any CPU
		{C4CBCDBC-2714-48A2-8FA7-F4A20EB802BC}.Release|iPhoneSimulator.Build.0 = Release|Any CPU
		{C4CBCDBC-2714-48A2-8FA7-F4A20EB802BC}.Release|iPhoneSimulator.Deploy.0 = Release|Any CPU
		{C4CBCDBC-2714-48A2-8FA7-F4A20EB802BC}.Release|x64.ActiveCfg = Release|Any CPU
		{C4CBCDBC-2714-48A2-8FA7-F4A20EB802BC}.Release|x64.Build.0 = Release|Any CPU
		{C4CBCDBC-2714-48A2-8FA7-F4A20EB802BC}.Release|x64.Deploy.0 = Release|Any CPU
		{C4CBCDBC-2714-48A2-8FA7-F4A20EB802BC}.Release|x86.ActiveCfg = Release|Any CPU
		{C4CBCDBC-2714-48A2-8FA7-F4A20EB802BC}.Release|x86.Build.0 = Release|Any CPU
		{C4CBCDBC-2714-48A2-8FA7-F4A20EB802BC}.Release|x86.Deploy.0 = Release|Any CPU
	EndGlobalSection
	GlobalSection(SolutionProperties) = preSolution
		HideSolutionNode = FALSE
	EndGlobalSection
	GlobalSection(ExtensibilityGlobals) = postSolution
		SolutionGuid = {905167D3-FA1F-42D5-A4C3-A7D536581F8B}
	EndGlobalSection
EndGlobal
