
Microsoft Visual Studio Solution File, Format Version 12.00
# Visual Studio 15
VisualStudioVersion = 15.0.28307.168
MinimumVisualStudioVersion = 10.0.40219.1
Project("{FAE04EC0-301F-11D3-BF4B-00C04F79EFBC}") = "IIT_Simulator.Android", "IIT_Simulator\IIT_Simulator.Android\IIT_Simulator.Android.csproj", "{759259F8-1CB0-49BA-B1DF-B18F47B52AEC}"
EndProject
Project("{FAE04EC0-301F-11D3-BF4B-00C04F79EFBC}") = "IIT_Simulator.iOS", "IIT_Simulator\IIT_Simulator.iOS\IIT_Simulator.iOS.csproj", "{ABF98011-69EB-46D6-AE6A-0779C10F1DA1}"
EndProject
Project("{FAE04EC0-301F-11D3-BF4B-00C04F79EFBC}") = "IIT_Simulator.UWP", "IIT_Simulator\IIT_Simulator.UWP\IIT_Simulator.UWP.csproj", "{ACA426B9-28B3-4AFD-9F37-07A0F6EE0191}"
EndProject
Project("{FAE04EC0-301F-11D3-BF4B-00C04F79EFBC}") = "IIT_Simulator", "IIT_Simulator\IIT_Simulator\IIT_Simulator.csproj", "{B64EB926-66CF-4574-8E6B-431D2CCF6042}"
EndProject
Global
	GlobalSection(SolutionConfigurationPlatforms) = preSolution
		Ad-Hoc|Any CPU = Ad-Hoc|Any CPU
		Ad-Hoc|ARM = Ad-Hoc|ARM
		Ad-Hoc|iPhone = Ad-Hoc|iPhone
		Ad-Hoc|iPhoneSimulator = Ad-Hoc|iPhoneSimulator
		Ad-Hoc|x64 = Ad-Hoc|x64
		Ad-Hoc|x86 = Ad-Hoc|x86
		AppStore|Any CPU = AppStore|Any CPU
		AppStore|ARM = AppStore|ARM
		AppStore|iPhone = AppStore|iPhone
		AppStore|iPhoneSimulator = AppStore|iPhoneSimulator
		AppStore|x64 = AppStore|x64
		AppStore|x86 = AppStore|x86
		Debug|Any CPU = Debug|Any CPU
		Debug|ARM = Debug|ARM
		Debug|iPhone = Debug|iPhone
		Debug|iPhoneSimulator = Debug|iPhoneSimulator
		Debug|x64 = Debug|x64
		Debug|x86 = Debug|x86
		Release|Any CPU = Release|Any CPU
		Release|ARM = Release|ARM
		Release|iPhone = Release|iPhone
		Release|iPhoneSimulator = Release|iPhoneSimulator
		Release|x64 = Release|x64
		Release|x86 = Release|x86
	EndGlobalSection
	GlobalSection(ProjectConfigurationPlatforms) = postSolution
		{759259F8-1CB0-49BA-B1DF-B18F47B52AEC}.Ad-Hoc|Any CPU.ActiveCfg = Release|Any CPU
		{759259F8-1CB0-49BA-B1DF-B18F47B52AEC}.Ad-Hoc|Any CPU.Build.0 = Release|Any CPU
		{759259F8-1CB0-49BA-B1DF-B18F47B52AEC}.Ad-Hoc|Any CPU.Deploy.0 = Release|Any CPU
		{759259F8-1CB0-49BA-B1DF-B18F47B52AEC}.Ad-Hoc|ARM.ActiveCfg = Release|Any CPU
		{759259F8-1CB0-49BA-B1DF-B18F47B52AEC}.Ad-Hoc|ARM.Build.0 = Release|Any CPU
		{759259F8-1CB0-49BA-B1DF-B18F47B52AEC}.Ad-Hoc|ARM.Deploy.0 = Release|Any CPU
		{759259F8-1CB0-49BA-B1DF-B18F47B52AEC}.Ad-Hoc|iPhone.ActiveCfg = Release|Any CPU
		{759259F8-1CB0-49BA-B1DF-B18F47B52AEC}.Ad-Hoc|iPhone.Build.0 = Release|Any CPU
		{759259F8-1CB0-49BA-B1DF-B18F47B52AEC}.Ad-Hoc|iPhone.Deploy.0 = Release|Any CPU
		{759259F8-1CB0-49BA-B1DF-B18F47B52AEC}.Ad-Hoc|iPhoneSimulator.ActiveCfg = Release|Any CPU
		{759259F8-1CB0-49BA-B1DF-B18F47B52AEC}.Ad-Hoc|iPhoneSimulator.Build.0 = Release|Any CPU
		{759259F8-1CB0-49BA-B1DF-B18F47B52AEC}.Ad-Hoc|iPhoneSimulator.Deploy.0 = Release|Any CPU
		{759259F8-1CB0-49BA-B1DF-B18F47B52AEC}.Ad-Hoc|x64.ActiveCfg = Release|Any CPU
		{759259F8-1CB0-49BA-B1DF-B18F47B52AEC}.Ad-Hoc|x64.Build.0 = Release|Any CPU
		{759259F8-1CB0-49BA-B1DF-B18F47B52AEC}.Ad-Hoc|x64.Deploy.0 = Release|Any CPU
		{759259F8-1CB0-49BA-B1DF-B18F47B52AEC}.Ad-Hoc|x86.ActiveCfg = Release|Any CPU
		{759259F8-1CB0-49BA-B1DF-B18F47B52AEC}.Ad-Hoc|x86.Build.0 = Release|Any CPU
		{759259F8-1CB0-49BA-B1DF-B18F47B52AEC}.Ad-Hoc|x86.Deploy.0 = Release|Any CPU
		{759259F8-1CB0-49BA-B1DF-B18F47B52AEC}.AppStore|Any CPU.ActiveCfg = Release|Any CPU
		{759259F8-1CB0-49BA-B1DF-B18F47B52AEC}.AppStore|Any CPU.Build.0 = Release|Any CPU
		{759259F8-1CB0-49BA-B1DF-B18F47B52AEC}.AppStore|Any CPU.Deploy.0 = Release|Any CPU
		{759259F8-1CB0-49BA-B1DF-B18F47B52AEC}.AppStore|ARM.ActiveCfg = Release|Any CPU
		{759259F8-1CB0-49BA-B1DF-B18F47B52AEC}.AppStore|ARM.Build.0 = Release|Any CPU
		{759259F8-1CB0-49BA-B1DF-B18F47B52AEC}.AppStore|ARM.Deploy.0 = Release|Any CPU
		{759259F8-1CB0-49BA-B1DF-B18F47B52AEC}.AppStore|iPhone.ActiveCfg = Release|Any CPU
		{759259F8-1CB0-49BA-B1DF-B18F47B52AEC}.AppStore|iPhone.Build.0 = Release|Any CPU
		{759259F8-1CB0-49BA-B1DF-B18F47B52AEC}.AppStore|iPhone.Deploy.0 = Release|Any CPU
		{759259F8-1CB0-49BA-B1DF-B18F47B52AEC}.AppStore|iPhoneSimulator.ActiveCfg = Release|Any CPU
		{759259F8-1CB0-49BA-B1DF-B18F47B52AEC}.AppStore|iPhoneSimulator.Build.0 = Release|Any CPU
		{759259F8-1CB0-49BA-B1DF-B18F47B52AEC}.AppStore|iPhoneSimulator.Deploy.0 = Release|Any CPU
		{759259F8-1CB0-49BA-B1DF-B18F47B52AEC}.AppStore|x64.ActiveCfg = Release|Any CPU
		{759259F8-1CB0-49BA-B1DF-B18F47B52AEC}.AppStore|x64.Build.0 = Release|Any CPU
		{759259F8-1CB0-49BA-B1DF-B18F47B52AEC}.AppStore|x64.Deploy.0 = Release|Any CPU
		{759259F8-1CB0-49BA-B1DF-B18F47B52AEC}.AppStore|x86.ActiveCfg = Release|Any CPU
		{759259F8-1CB0-49BA-B1DF-B18F47B52AEC}.AppStore|x86.Build.0 = Release|Any CPU
		{759259F8-1CB0-49BA-B1DF-B18F47B52AEC}.AppStore|x86.Deploy.0 = Release|Any CPU
		{759259F8-1CB0-49BA-B1DF-B18F47B52AEC}.Debug|Any CPU.ActiveCfg = Debug|Any CPU
		{759259F8-1CB0-49BA-B1DF-B18F47B52AEC}.Debug|Any CPU.Build.0 = Debug|Any CPU
		{759259F8-1CB0-49BA-B1DF-B18F47B52AEC}.Debug|Any CPU.Deploy.0 = Debug|Any CPU
		{759259F8-1CB0-49BA-B1DF-B18F47B52AEC}.Debug|ARM.ActiveCfg = Debug|Any CPU
		{759259F8-1CB0-49BA-B1DF-B18F47B52AEC}.Debug|ARM.Build.0 = Debug|Any CPU
		{759259F8-1CB0-49BA-B1DF-B18F47B52AEC}.Debug|ARM.Deploy.0 = Debug|Any CPU
		{759259F8-1CB0-49BA-B1DF-B18F47B52AEC}.Debug|iPhone.ActiveCfg = Debug|Any CPU
		{759259F8-1CB0-49BA-B1DF-B18F47B52AEC}.Debug|iPhone.Build.0 = Debug|Any CPU
		{759259F8-1CB0-49BA-B1DF-B18F47B52AEC}.Debug|iPhone.Deploy.0 = Debug|Any CPU
		{759259F8-1CB0-49BA-B1DF-B18F47B52AEC}.Debug|iPhoneSimulator.ActiveCfg = Debug|Any CPU
		{759259F8-1CB0-49BA-B1DF-B18F47B52AEC}.Debug|iPhoneSimulator.Build.0 = Debug|Any CPU
		{759259F8-1CB0-49BA-B1DF-B18F47B52AEC}.Debug|iPhoneSimulator.Deploy.0 = Debug|Any CPU
		{759259F8-1CB0-49BA-B1DF-B18F47B52AEC}.Debug|x64.ActiveCfg = Debug|Any CPU
		{759259F8-1CB0-49BA-B1DF-B18F47B52AEC}.Debug|x64.Build.0 = Debug|Any CPU
		{759259F8-1CB0-49BA-B1DF-B18F47B52AEC}.Debug|x64.Deploy.0 = Debug|Any CPU
		{759259F8-1CB0-49BA-B1DF-B18F47B52AEC}.Debug|x86.ActiveCfg = Debug|Any CPU
		{759259F8-1CB0-49BA-B1DF-B18F47B52AEC}.Debug|x86.Build.0 = Debug|Any CPU
		{759259F8-1CB0-49BA-B1DF-B18F47B52AEC}.Debug|x86.Deploy.0 = Debug|Any CPU
		{759259F8-1CB0-49BA-B1DF-B18F47B52AEC}.Release|Any CPU.ActiveCfg = Release|Any CPU
		{759259F8-1CB0-49BA-B1DF-B18F47B52AEC}.Release|Any CPU.Build.0 = Release|Any CPU
		{759259F8-1CB0-49BA-B1DF-B18F47B52AEC}.Release|Any CPU.Deploy.0 = Release|Any CPU
		{759259F8-1CB0-49BA-B1DF-B18F47B52AEC}.Release|ARM.ActiveCfg = Release|Any CPU
		{759259F8-1CB0-49BA-B1DF-B18F47B52AEC}.Release|ARM.Build.0 = Release|Any CPU
		{759259F8-1CB0-49BA-B1DF-B18F47B52AEC}.Release|ARM.Deploy.0 = Release|Any CPU
		{759259F8-1CB0-49BA-B1DF-B18F47B52AEC}.Release|iPhone.ActiveCfg = Release|Any CPU
		{759259F8-1CB0-49BA-B1DF-B18F47B52AEC}.Release|iPhone.Build.0 = Release|Any CPU
		{759259F8-1CB0-49BA-B1DF-B18F47B52AEC}.Release|iPhone.Deploy.0 = Release|Any CPU
		{759259F8-1CB0-49BA-B1DF-B18F47B52AEC}.Release|iPhoneSimulator.ActiveCfg = Release|Any CPU
		{759259F8-1CB0-49BA-B1DF-B18F47B52AEC}.Release|iPhoneSimulator.Build.0 = Release|Any CPU
		{759259F8-1CB0-49BA-B1DF-B18F47B52AEC}.Release|iPhoneSimulator.Deploy.0 = Release|Any CPU
		{759259F8-1CB0-49BA-B1DF-B18F47B52AEC}.Release|x64.ActiveCfg = Release|Any CPU
		{759259F8-1CB0-49BA-B1DF-B18F47B52AEC}.Release|x64.Build.0 = Release|Any CPU
		{759259F8-1CB0-49BA-B1DF-B18F47B52AEC}.Release|x64.Deploy.0 = Release|Any CPU
		{759259F8-1CB0-49BA-B1DF-B18F47B52AEC}.Release|x86.ActiveCfg = Release|Any CPU
		{759259F8-1CB0-49BA-B1DF-B18F47B52AEC}.Release|x86.Build.0 = Release|Any CPU
		{759259F8-1CB0-49BA-B1DF-B18F47B52AEC}.Release|x86.Deploy.0 = Release|Any CPU
		{ABF98011-69EB-46D6-AE6A-0779C10F1DA1}.Ad-Hoc|Any CPU.ActiveCfg = Ad-Hoc|iPhone
		{ABF98011-69EB-46D6-AE6A-0779C10F1DA1}.Ad-Hoc|Any CPU.Build.0 = Ad-Hoc|iPhone
		{ABF98011-69EB-46D6-AE6A-0779C10F1DA1}.Ad-Hoc|Any CPU.Deploy.0 = Ad-Hoc|iPhone
		{ABF98011-69EB-46D6-AE6A-0779C10F1DA1}.Ad-Hoc|ARM.ActiveCfg = Ad-Hoc|iPhone
		{ABF98011-69EB-46D6-AE6A-0779C10F1DA1}.Ad-Hoc|ARM.Build.0 = Ad-Hoc|iPhone
		{ABF98011-69EB-46D6-AE6A-0779C10F1DA1}.Ad-Hoc|ARM.Deploy.0 = Ad-Hoc|iPhone
		{ABF98011-69EB-46D6-AE6A-0779C10F1DA1}.Ad-Hoc|iPhone.ActiveCfg = Ad-Hoc|iPhone
		{ABF98011-69EB-46D6-AE6A-0779C10F1DA1}.Ad-Hoc|iPhone.Build.0 = Ad-Hoc|iPhone
		{ABF98011-69EB-46D6-AE6A-0779C10F1DA1}.Ad-Hoc|iPhone.Deploy.0 = Ad-Hoc|iPhone
		{ABF98011-69EB-46D6-AE6A-0779C10F1DA1}.Ad-Hoc|iPhoneSimulator.ActiveCfg = Ad-Hoc|iPhoneSimulator
		{ABF98011-69EB-46D6-AE6A-0779C10F1DA1}.Ad-Hoc|iPhoneSimulator.Build.0 = Ad-Hoc|iPhoneSimulator
		{ABF98011-69EB-46D6-AE6A-0779C10F1DA1}.Ad-Hoc|iPhoneSimulator.Deploy.0 = Ad-Hoc|iPhoneSimulator
		{ABF98011-69EB-46D6-AE6A-0779C10F1DA1}.Ad-Hoc|x64.ActiveCfg = Ad-Hoc|iPhone
		{ABF98011-69EB-46D6-AE6A-0779C10F1DA1}.Ad-Hoc|x64.Build.0 = Ad-Hoc|iPhone
		{ABF98011-69EB-46D6-AE6A-0779C10F1DA1}.Ad-Hoc|x64.Deploy.0 = Ad-Hoc|iPhone
		{ABF98011-69EB-46D6-AE6A-0779C10F1DA1}.Ad-Hoc|x86.ActiveCfg = Ad-Hoc|iPhone
		{ABF98011-69EB-46D6-AE6A-0779C10F1DA1}.Ad-Hoc|x86.Build.0 = Ad-Hoc|iPhone
		{ABF98011-69EB-46D6-AE6A-0779C10F1DA1}.Ad-Hoc|x86.Deploy.0 = Ad-Hoc|iPhone
		{ABF98011-69EB-46D6-AE6A-0779C10F1DA1}.AppStore|Any CPU.ActiveCfg = AppStore|iPhone
		{ABF98011-69EB-46D6-AE6A-0779C10F1DA1}.AppStore|Any CPU.Build.0 = AppStore|iPhone
		{ABF98011-69EB-46D6-AE6A-0779C10F1DA1}.AppStore|Any CPU.Deploy.0 = AppStore|iPhone
		{ABF98011-69EB-46D6-AE6A-0779C10F1DA1}.AppStore|ARM.ActiveCfg = AppStore|iPhone
		{ABF98011-69EB-46D6-AE6A-0779C10F1DA1}.AppStore|ARM.Build.0 = AppStore|iPhone
		{ABF98011-69EB-46D6-AE6A-0779C10F1DA1}.AppStore|ARM.Deploy.0 = AppStore|iPhone
		{ABF98011-69EB-46D6-AE6A-0779C10F1DA1}.AppStore|iPhone.ActiveCfg = AppStore|iPhone
		{ABF98011-69EB-46D6-AE6A-0779C10F1DA1}.AppStore|iPhone.Build.0 = AppStore|iPhone
		{ABF98011-69EB-46D6-AE6A-0779C10F1DA1}.AppStore|iPhone.Deploy.0 = AppStore|iPhone
		{ABF98011-69EB-46D6-AE6A-0779C10F1DA1}.AppStore|iPhoneSimulator.ActiveCfg = AppStore|iPhoneSimulator
		{ABF98011-69EB-46D6-AE6A-0779C10F1DA1}.AppStore|iPhoneSimulator.Build.0 = AppStore|iPhoneSimulator
		{ABF98011-69EB-46D6-AE6A-0779C10F1DA1}.AppStore|iPhoneSimulator.Deploy.0 = AppStore|iPhoneSimulator
		{ABF98011-69EB-46D6-AE6A-0779C10F1DA1}.AppStore|x64.ActiveCfg = AppStore|iPhone
		{ABF98011-69EB-46D6-AE6A-0779C10F1DA1}.AppStore|x64.Build.0 = AppStore|iPhone
		{ABF98011-69EB-46D6-AE6A-0779C10F1DA1}.AppStore|x64.Deploy.0 = AppStore|iPhone
		{ABF98011-69EB-46D6-AE6A-0779C10F1DA1}.AppStore|x86.ActiveCfg = AppStore|iPhone
		{ABF98011-69EB-46D6-AE6A-0779C10F1DA1}.AppStore|x86.Build.0 = AppStore|iPhone
		{ABF98011-69EB-46D6-AE6A-0779C10F1DA1}.AppStore|x86.Deploy.0 = AppStore|iPhone
		{ABF98011-69EB-46D6-AE6A-0779C10F1DA1}.Debug|Any CPU.ActiveCfg = Debug|iPhoneSimulator
		{ABF98011-69EB-46D6-AE6A-0779C10F1DA1}.Debug|Any CPU.Build.0 = Debug|iPhoneSimulator
		{ABF98011-69EB-46D6-AE6A-0779C10F1DA1}.Debug|Any CPU.Deploy.0 = Debug|iPhoneSimulator
		{ABF98011-69EB-46D6-AE6A-0779C10F1DA1}.Debug|ARM.ActiveCfg = Debug|iPhone
		{ABF98011-69EB-46D6-AE6A-0779C10F1DA1}.Debug|ARM.Build.0 = Debug|iPhone
		{ABF98011-69EB-46D6-AE6A-0779C10F1DA1}.Debug|ARM.Deploy.0 = Debug|iPhone
		{ABF98011-69EB-46D6-AE6A-0779C10F1DA1}.Debug|iPhone.ActiveCfg = Debug|iPhone
		{ABF98011-69EB-46D6-AE6A-0779C10F1DA1}.Debug|iPhone.Build.0 = Debug|iPhone
		{ABF98011-69EB-46D6-AE6A-0779C10F1DA1}.Debug|iPhone.Deploy.0 = Debug|iPhone
		{ABF98011-69EB-46D6-AE6A-0779C10F1DA1}.Debug|iPhoneSimulator.ActiveCfg = Debug|iPhoneSimulator
		{ABF98011-69EB-46D6-AE6A-0779C10F1DA1}.Debug|iPhoneSimulator.Build.0 = Debug|iPhoneSimulator
		{ABF98011-69EB-46D6-AE6A-0779C10F1DA1}.Debug|iPhoneSimulator.Deploy.0 = Debug|iPhoneSimulator
		{ABF98011-69EB-46D6-AE6A-0779C10F1DA1}.Debug|x64.ActiveCfg = Debug|iPhone
		{ABF98011-69EB-46D6-AE6A-0779C10F1DA1}.Debug|x64.Build.0 = Debug|iPhone
		{ABF98011-69EB-46D6-AE6A-0779C10F1DA1}.Debug|x64.Deploy.0 = Debug|iPhone
		{ABF98011-69EB-46D6-AE6A-0779C10F1DA1}.Debug|x86.ActiveCfg = Debug|iPhone
		{ABF98011-69EB-46D6-AE6A-0779C10F1DA1}.Debug|x86.Build.0 = Debug|iPhone
		{ABF98011-69EB-46D6-AE6A-0779C10F1DA1}.Debug|x86.Deploy.0 = Debug|iPhone
		{ABF98011-69EB-46D6-AE6A-0779C10F1DA1}.Release|Any CPU.ActiveCfg = Release|iPhone
		{ABF98011-69EB-46D6-AE6A-0779C10F1DA1}.Release|Any CPU.Build.0 = Release|iPhone
		{ABF98011-69EB-46D6-AE6A-0779C10F1DA1}.Release|Any CPU.Deploy.0 = Release|iPhone
		{ABF98011-69EB-46D6-AE6A-0779C10F1DA1}.Release|ARM.ActiveCfg = Release|iPhone
		{ABF98011-69EB-46D6-AE6A-0779C10F1DA1}.Release|ARM.Build.0 = Release|iPhone
		{ABF98011-69EB-46D6-AE6A-0779C10F1DA1}.Release|ARM.Deploy.0 = Release|iPhone
		{ABF98011-69EB-46D6-AE6A-0779C10F1DA1}.Release|iPhone.ActiveCfg = Release|iPhone
		{ABF98011-69EB-46D6-AE6A-0779C10F1DA1}.Release|iPhone.Build.0 = Release|iPhone
		{ABF98011-69EB-46D6-AE6A-0779C10F1DA1}.Release|iPhone.Deploy.0 = Release|iPhone
		{ABF98011-69EB-46D6-AE6A-0779C10F1DA1}.Release|iPhoneSimulator.ActiveCfg = Release|iPhoneSimulator
		{ABF98011-69EB-46D6-AE6A-0779C10F1DA1}.Release|iPhoneSimulator.Build.0 = Release|iPhoneSimulator
		{ABF98011-69EB-46D6-AE6A-0779C10F1DA1}.Release|iPhoneSimulator.Deploy.0 = Release|iPhoneSimulator
		{ABF98011-69EB-46D6-AE6A-0779C10F1DA1}.Release|x64.ActiveCfg = Release|iPhone
		{ABF98011-69EB-46D6-AE6A-0779C10F1DA1}.Release|x64.Build.0 = Release|iPhone
		{ABF98011-69EB-46D6-AE6A-0779C10F1DA1}.Release|x64.Deploy.0 = Release|iPhone
		{ABF98011-69EB-46D6-AE6A-0779C10F1DA1}.Release|x86.ActiveCfg = Release|iPhone
		{ABF98011-69EB-46D6-AE6A-0779C10F1DA1}.Release|x86.Build.0 = Release|iPhone
		{ABF98011-69EB-46D6-AE6A-0779C10F1DA1}.Release|x86.Deploy.0 = Release|iPhone
		{ACA426B9-28B3-4AFD-9F37-07A0F6EE0191}.Ad-Hoc|Any CPU.ActiveCfg = Release|x86
		{ACA426B9-28B3-4AFD-9F37-07A0F6EE0191}.Ad-Hoc|Any CPU.Build.0 = Release|x86
		{ACA426B9-28B3-4AFD-9F37-07A0F6EE0191}.Ad-Hoc|Any CPU.Deploy.0 = Release|x86
		{ACA426B9-28B3-4AFD-9F37-07A0F6EE0191}.Ad-Hoc|ARM.ActiveCfg = Release|ARM
		{ACA426B9-28B3-4AFD-9F37-07A0F6EE0191}.Ad-Hoc|ARM.Build.0 = Release|ARM
		{ACA426B9-28B3-4AFD-9F37-07A0F6EE0191}.Ad-Hoc|ARM.Deploy.0 = Release|ARM
		{ACA426B9-28B3-4AFD-9F37-07A0F6EE0191}.Ad-Hoc|iPhone.ActiveCfg = Release|x86
		{ACA426B9-28B3-4AFD-9F37-07A0F6EE0191}.Ad-Hoc|iPhone.Build.0 = Release|x86
		{ACA426B9-28B3-4AFD-9F37-07A0F6EE0191}.Ad-Hoc|iPhone.Deploy.0 = Release|x86
		{ACA426B9-28B3-4AFD-9F37-07A0F6EE0191}.Ad-Hoc|iPhoneSimulator.ActiveCfg = Release|x86
		{ACA426B9-28B3-4AFD-9F37-07A0F6EE0191}.Ad-Hoc|iPhoneSimulator.Build.0 = Release|x86
		{ACA426B9-28B3-4AFD-9F37-07A0F6EE0191}.Ad-Hoc|iPhoneSimulator.Deploy.0 = Release|x86
		{ACA426B9-28B3-4AFD-9F37-07A0F6EE0191}.Ad-Hoc|x64.ActiveCfg = Release|x64
		{ACA426B9-28B3-4AFD-9F37-07A0F6EE0191}.Ad-Hoc|x64.Build.0 = Release|x64
		{ACA426B9-28B3-4AFD-9F37-07A0F6EE0191}.Ad-Hoc|x64.Deploy.0 = Release|x64
		{ACA426B9-28B3-4AFD-9F37-07A0F6EE0191}.Ad-Hoc|x86.ActiveCfg = Release|x86
		{ACA426B9-28B3-4AFD-9F37-07A0F6EE0191}.Ad-Hoc|x86.Build.0 = Release|x86
		{ACA426B9-28B3-4AFD-9F37-07A0F6EE0191}.Ad-Hoc|x86.Deploy.0 = Release|x86
		{ACA426B9-28B3-4AFD-9F37-07A0F6EE0191}.AppStore|Any CPU.ActiveCfg = Release|x86
		{ACA426B9-28B3-4AFD-9F37-07A0F6EE0191}.AppStore|Any CPU.Build.0 = Release|x86
		{ACA426B9-28B3-4AFD-9F37-07A0F6EE0191}.AppStore|Any CPU.Deploy.0 = Release|x86
		{ACA426B9-28B3-4AFD-9F37-07A0F6EE0191}.AppStore|ARM.ActiveCfg = Release|ARM
		{ACA426B9-28B3-4AFD-9F37-07A0F6EE0191}.AppStore|ARM.Build.0 = Release|ARM
		{ACA426B9-28B3-4AFD-9F37-07A0F6EE0191}.AppStore|ARM.Deploy.0 = Release|ARM
		{ACA426B9-28B3-4AFD-9F37-07A0F6EE0191}.AppStore|iPhone.ActiveCfg = Release|x86
		{ACA426B9-28B3-4AFD-9F37-07A0F6EE0191}.AppStore|iPhone.Build.0 = Release|x86
		{ACA426B9-28B3-4AFD-9F37-07A0F6EE0191}.AppStore|iPhone.Deploy.0 = Release|x86
		{ACA426B9-28B3-4AFD-9F37-07A0F6EE0191}.AppStore|iPhoneSimulator.ActiveCfg = Release|x86
		{ACA426B9-28B3-4AFD-9F37-07A0F6EE0191}.AppStore|iPhoneSimulator.Build.0 = Release|x86
		{ACA426B9-28B3-4AFD-9F37-07A0F6EE0191}.AppStore|iPhoneSimulator.Deploy.0 = Release|x86
		{ACA426B9-28B3-4AFD-9F37-07A0F6EE0191}.AppStore|x64.ActiveCfg = Release|x64
		{ACA426B9-28B3-4AFD-9F37-07A0F6EE0191}.AppStore|x64.Build.0 = Release|x64
		{ACA426B9-28B3-4AFD-9F37-07A0F6EE0191}.AppStore|x64.Deploy.0 = Release|x64
		{ACA426B9-28B3-4AFD-9F37-07A0F6EE0191}.AppStore|x86.ActiveCfg = Release|x86
		{ACA426B9-28B3-4AFD-9F37-07A0F6EE0191}.AppStore|x86.Build.0 = Release|x86
		{ACA426B9-28B3-4AFD-9F37-07A0F6EE0191}.AppStore|x86.Deploy.0 = Release|x86
		{ACA426B9-28B3-4AFD-9F37-07A0F6EE0191}.Debug|Any CPU.ActiveCfg = Debug|x86
		{ACA426B9-28B3-4AFD-9F37-07A0F6EE0191}.Debug|Any CPU.Build.0 = Debug|x86
		{ACA426B9-28B3-4AFD-9F37-07A0F6EE0191}.Debug|Any CPU.Deploy.0 = Debug|x86
		{ACA426B9-28B3-4AFD-9F37-07A0F6EE0191}.Debug|ARM.ActiveCfg = Debug|ARM
		{ACA426B9-28B3-4AFD-9F37-07A0F6EE0191}.Debug|ARM.Build.0 = Debug|ARM
		{ACA426B9-28B3-4AFD-9F37-07A0F6EE0191}.Debug|ARM.Deploy.0 = Debug|ARM
		{ACA426B9-28B3-4AFD-9F37-07A0F6EE0191}.Debug|iPhone.ActiveCfg = Debug|x86
		{ACA426B9-28B3-4AFD-9F37-07A0F6EE0191}.Debug|iPhone.Build.0 = Debug|x86
		{ACA426B9-28B3-4AFD-9F37-07A0F6EE0191}.Debug|iPhone.Deploy.0 = Debug|x86
		{ACA426B9-28B3-4AFD-9F37-07A0F6EE0191}.Debug|iPhoneSimulator.ActiveCfg = Debug|x86
		{ACA426B9-28B3-4AFD-9F37-07A0F6EE0191}.Debug|iPhoneSimulator.Build.0 = Debug|x86
		{ACA426B9-28B3-4AFD-9F37-07A0F6EE0191}.Debug|iPhoneSimulator.Deploy.0 = Debug|x86
		{ACA426B9-28B3-4AFD-9F37-07A0F6EE0191}.Debug|x64.ActiveCfg = Debug|x64
		{ACA426B9-28B3-4AFD-9F37-07A0F6EE0191}.Debug|x64.Build.0 = Debug|x64
		{ACA426B9-28B3-4AFD-9F37-07A0F6EE0191}.Debug|x64.Deploy.0 = Debug|x64
		{ACA426B9-28B3-4AFD-9F37-07A0F6EE0191}.Debug|x86.ActiveCfg = Debug|x86
		{ACA426B9-28B3-4AFD-9F37-07A0F6EE0191}.Debug|x86.Build.0 = Debug|x86
		{ACA426B9-28B3-4AFD-9F37-07A0F6EE0191}.Debug|x86.Deploy.0 = Debug|x86
		{ACA426B9-28B3-4AFD-9F37-07A0F6EE0191}.Release|Any CPU.ActiveCfg = Release|x86
		{ACA426B9-28B3-4AFD-9F37-07A0F6EE0191}.Release|Any CPU.Build.0 = Release|x86
		{ACA426B9-28B3-4AFD-9F37-07A0F6EE0191}.Release|Any CPU.Deploy.0 = Release|x86
		{ACA426B9-28B3-4AFD-9F37-07A0F6EE0191}.Release|ARM.ActiveCfg = Release|ARM
		{ACA426B9-28B3-4AFD-9F37-07A0F6EE0191}.Release|ARM.Build.0 = Release|ARM
		{ACA426B9-28B3-4AFD-9F37-07A0F6EE0191}.Release|ARM.Deploy.0 = Release|ARM
		{ACA426B9-28B3-4AFD-9F37-07A0F6EE0191}.Release|iPhone.ActiveCfg = Release|x86
		{ACA426B9-28B3-4AFD-9F37-07A0F6EE0191}.Release|iPhone.Build.0 = Release|x86
		{ACA426B9-28B3-4AFD-9F37-07A0F6EE0191}.Release|iPhone.Deploy.0 = Release|x86
		{ACA426B9-28B3-4AFD-9F37-07A0F6EE0191}.Release|iPhoneSimulator.ActiveCfg = Release|x86
		{ACA426B9-28B3-4AFD-9F37-07A0F6EE0191}.Release|iPhoneSimulator.Build.0 = Release|x86
		{ACA426B9-28B3-4AFD-9F37-07A0F6EE0191}.Release|iPhoneSimulator.Deploy.0 = Release|x86
		{ACA426B9-28B3-4AFD-9F37-07A0F6EE0191}.Release|x64.ActiveCfg = Release|x64
		{ACA426B9-28B3-4AFD-9F37-07A0F6EE0191}.Release|x64.Build.0 = Release|x64
		{ACA426B9-28B3-4AFD-9F37-07A0F6EE0191}.Release|x64.Deploy.0 = Release|x64
		{ACA426B9-28B3-4AFD-9F37-07A0F6EE0191}.Release|x86.ActiveCfg = Release|x86
		{ACA426B9-28B3-4AFD-9F37-07A0F6EE0191}.Release|x86.Build.0 = Release|x86
		{ACA426B9-28B3-4AFD-9F37-07A0F6EE0191}.Release|x86.Deploy.0 = Release|x86
		{B64EB926-66CF-4574-8E6B-431D2CCF6042}.Ad-Hoc|Any CPU.ActiveCfg = Debug|Any CPU
		{B64EB926-66CF-4574-8E6B-431D2CCF6042}.Ad-Hoc|Any CPU.Build.0 = Debug|Any CPU
		{B64EB926-66CF-4574-8E6B-431D2CCF6042}.Ad-Hoc|Any CPU.Deploy.0 = Debug|Any CPU
		{B64EB926-66CF-4574-8E6B-431D2CCF6042}.Ad-Hoc|ARM.ActiveCfg = Debug|Any CPU
		{B64EB926-66CF-4574-8E6B-431D2CCF6042}.Ad-Hoc|ARM.Build.0 = Debug|Any CPU
		{B64EB926-66CF-4574-8E6B-431D2CCF6042}.Ad-Hoc|ARM.Deploy.0 = Debug|Any CPU
		{B64EB926-66CF-4574-8E6B-431D2CCF6042}.Ad-Hoc|iPhone.ActiveCfg = Debug|Any CPU
		{B64EB926-66CF-4574-8E6B-431D2CCF6042}.Ad-Hoc|iPhone.Build.0 = Debug|Any CPU
		{B64EB926-66CF-4574-8E6B-431D2CCF6042}.Ad-Hoc|iPhone.Deploy.0 = Debug|Any CPU
		{B64EB926-66CF-4574-8E6B-431D2CCF6042}.Ad-Hoc|iPhoneSimulator.ActiveCfg = Debug|Any CPU
		{B64EB926-66CF-4574-8E6B-431D2CCF6042}.Ad-Hoc|iPhoneSimulator.Build.0 = Debug|Any CPU
		{B64EB926-66CF-4574-8E6B-431D2CCF6042}.Ad-Hoc|iPhoneSimulator.Deploy.0 = Debug|Any CPU
		{B64EB926-66CF-4574-8E6B-431D2CCF6042}.Ad-Hoc|x64.ActiveCfg = Debug|Any CPU
		{B64EB926-66CF-4574-8E6B-431D2CCF6042}.Ad-Hoc|x64.Build.0 = Debug|Any CPU
		{B64EB926-66CF-4574-8E6B-431D2CCF6042}.Ad-Hoc|x64.Deploy.0 = Debug|Any CPU
		{B64EB926-66CF-4574-8E6B-431D2CCF6042}.Ad-Hoc|x86.ActiveCfg = Debug|Any CPU
		{B64EB926-66CF-4574-8E6B-431D2CCF6042}.Ad-Hoc|x86.Build.0 = Debug|Any CPU
		{B64EB926-66CF-4574-8E6B-431D2CCF6042}.Ad-Hoc|x86.Deploy.0 = Debug|Any CPU
		{B64EB926-66CF-4574-8E6B-431D2CCF6042}.AppStore|Any CPU.ActiveCfg = Debug|Any CPU
		{B64EB926-66CF-4574-8E6B-431D2CCF6042}.AppStore|Any CPU.Build.0 = Debug|Any CPU
		{B64EB926-66CF-4574-8E6B-431D2CCF6042}.AppStore|Any CPU.Deploy.0 = Debug|Any CPU
		{B64EB926-66CF-4574-8E6B-431D2CCF6042}.AppStore|ARM.ActiveCfg = Debug|Any CPU
		{B64EB926-66CF-4574-8E6B-431D2CCF6042}.AppStore|ARM.Build.0 = Debug|Any CPU
		{B64EB926-66CF-4574-8E6B-431D2CCF6042}.AppStore|ARM.Deploy.0 = Debug|Any CPU
		{B64EB926-66CF-4574-8E6B-431D2CCF6042}.AppStore|iPhone.ActiveCfg = Debug|Any CPU
		{B64EB926-66CF-4574-8E6B-431D2CCF6042}.AppStore|iPhone.Build.0 = Debug|Any CPU
		{B64EB926-66CF-4574-8E6B-431D2CCF6042}.AppStore|iPhone.Deploy.0 = Debug|Any CPU
		{B64EB926-66CF-4574-8E6B-431D2CCF6042}.AppStore|iPhoneSimulator.ActiveCfg = Debug|Any CPU
		{B64EB926-66CF-4574-8E6B-431D2CCF6042}.AppStore|iPhoneSimulator.Build.0 = Debug|Any CPU
		{B64EB926-66CF-4574-8E6B-431D2CCF6042}.AppStore|iPhoneSimulator.Deploy.0 = Debug|Any CPU
		{B64EB926-66CF-4574-8E6B-431D2CCF6042}.AppStore|x64.ActiveCfg = Debug|Any CPU
		{B64EB926-66CF-4574-8E6B-431D2CCF6042}.AppStore|x64.Build.0 = Debug|Any CPU
		{B64EB926-66CF-4574-8E6B-431D2CCF6042}.AppStore|x64.Deploy.0 = Debug|Any CPU
		{B64EB926-66CF-4574-8E6B-431D2CCF6042}.AppStore|x86.ActiveCfg = Debug|Any CPU
		{B64EB926-66CF-4574-8E6B-431D2CCF6042}.AppStore|x86.Build.0 = Debug|Any CPU
		{B64EB926-66CF-4574-8E6B-431D2CCF6042}.AppStore|x86.Deploy.0 = Debug|Any CPU
		{B64EB926-66CF-4574-8E6B-431D2CCF6042}.Debug|Any CPU.ActiveCfg = Debug|Any CPU
		{B64EB926-66CF-4574-8E6B-431D2CCF6042}.Debug|Any CPU.Build.0 = Debug|Any CPU
		{B64EB926-66CF-4574-8E6B-431D2CCF6042}.Debug|Any CPU.Deploy.0 = Debug|Any CPU
		{B64EB926-66CF-4574-8E6B-431D2CCF6042}.Debug|ARM.ActiveCfg = Debug|Any CPU
		{B64EB926-66CF-4574-8E6B-431D2CCF6042}.Debug|ARM.Build.0 = Debug|Any CPU
		{B64EB926-66CF-4574-8E6B-431D2CCF6042}.Debug|ARM.Deploy.0 = Debug|Any CPU
		{B64EB926-66CF-4574-8E6B-431D2CCF6042}.Debug|iPhone.ActiveCfg = Debug|Any CPU
		{B64EB926-66CF-4574-8E6B-431D2CCF6042}.Debug|iPhone.Build.0 = Debug|Any CPU
		{B64EB926-66CF-4574-8E6B-431D2CCF6042}.Debug|iPhone.Deploy.0 = Debug|Any CPU
		{B64EB926-66CF-4574-8E6B-431D2CCF6042}.Debug|iPhoneSimulator.ActiveCfg = Debug|Any CPU
		{B64EB926-66CF-4574-8E6B-431D2CCF6042}.Debug|iPhoneSimulator.Build.0 = Debug|Any CPU
		{B64EB926-66CF-4574-8E6B-431D2CCF6042}.Debug|iPhoneSimulator.Deploy.0 = Debug|Any CPU
		{B64EB926-66CF-4574-8E6B-431D2CCF6042}.Debug|x64.ActiveCfg = Debug|Any CPU
		{B64EB926-66CF-4574-8E6B-431D2CCF6042}.Debug|x64.Build.0 = Debug|Any CPU
		{B64EB926-66CF-4574-8E6B-431D2CCF6042}.Debug|x64.Deploy.0 = Debug|Any CPU
		{B64EB926-66CF-4574-8E6B-431D2CCF6042}.Debug|x86.ActiveCfg = Debug|Any CPU
		{B64EB926-66CF-4574-8E6B-431D2CCF6042}.Debug|x86.Build.0 = Debug|Any CPU
		{B64EB926-66CF-4574-8E6B-431D2CCF6042}.Debug|x86.Deploy.0 = Debug|Any CPU
		{B64EB926-66CF-4574-8E6B-431D2CCF6042}.Release|Any CPU.ActiveCfg = Release|Any CPU
		{B64EB926-66CF-4574-8E6B-431D2CCF6042}.Release|Any CPU.Build.0 = Release|Any CPU
		{B64EB926-66CF-4574-8E6B-431D2CCF6042}.Release|Any CPU.Deploy.0 = Release|Any CPU
		{B64EB926-66CF-4574-8E6B-431D2CCF6042}.Release|ARM.ActiveCfg = Release|Any CPU
		{B64EB926-66CF-4574-8E6B-431D2CCF6042}.Release|ARM.Build.0 = Release|Any CPU
		{B64EB926-66CF-4574-8E6B-431D2CCF6042}.Release|ARM.Deploy.0 = Release|Any CPU
		{B64EB926-66CF-4574-8E6B-431D2CCF6042}.Release|iPhone.ActiveCfg = Release|Any CPU
		{B64EB926-66CF-4574-8E6B-431D2CCF6042}.Release|iPhone.Build.0 = Release|Any CPU
		{B64EB926-66CF-4574-8E6B-431D2CCF6042}.Release|iPhone.Deploy.0 = Release|Any CPU
		{B64EB926-66CF-4574-8E6B-431D2CCF6042}.Release|iPhoneSimulator.ActiveCfg = Release|Any CPU
		{B64EB926-66CF-4574-8E6B-431D2CCF6042}.Release|iPhoneSimulator.Build.0 = Release|Any CPU
		{B64EB926-66CF-4574-8E6B-431D2CCF6042}.Release|iPhoneSimulator.Deploy.0 = Release|Any CPU
		{B64EB926-66CF-4574-8E6B-431D2CCF6042}.Release|x64.ActiveCfg = Release|Any CPU
		{B64EB926-66CF-4574-8E6B-431D2CCF6042}.Release|x64.Build.0 = Release|Any CPU
		{B64EB926-66CF-4574-8E6B-431D2CCF6042}.Release|x64.Deploy.0 = Release|Any CPU
		{B64EB926-66CF-4574-8E6B-431D2CCF6042}.Release|x86.ActiveCfg = Release|Any CPU
		{B64EB926-66CF-4574-8E6B-431D2CCF6042}.Release|x86.Build.0 = Release|Any CPU
		{B64EB926-66CF-4574-8E6B-431D2CCF6042}.Release|x86.Deploy.0 = Release|Any CPU
	EndGlobalSection
	GlobalSection(SolutionProperties) = preSolution
		HideSolutionNode = FALSE
	EndGlobalSection
	GlobalSection(ExtensibilityGlobals) = postSolution
		SolutionGuid = {6FC8DDBE-A1BF-4020-A7A9-1BE7201C24D7}
	EndGlobalSection
EndGlobal
